// !$*UTF8*$!
{
	archiveVersion = 1;
	classes = {
	};
	objectVersion = 55;
	objects = {

/* Begin PBXBuildFile section */
		0D2384A6F8C7CD3BC5C18C9D /* Pods_WebView.framework in Frameworks */ = {isa = PBXBuildFile; fileRef = 798ABBAF3CDBE157A2C4B86E /* Pods_WebView.framework */; };
		9E44BC7627760305007942CA /* TableViewCell.swift in Sources */ = {isa = PBXBuildFile; fileRef = 9E44BC7527760305007942CA /* TableViewCell.swift */; };
		9E44BC7827760324007942CA /* SecondViewController.swift in Sources */ = {isa = PBXBuildFile; fileRef = 9E44BC7727760324007942CA /* SecondViewController.swift */; };
		9E7CDC272771E4B200049E18 /* AppDelegate.swift in Sources */ = {isa = PBXBuildFile; fileRef = 9E7CDC262771E4B200049E18 /* AppDelegate.swift */; };
		9E7CDC2B2771E4B200049E18 /* ViewController.swift in Sources */ = {isa = PBXBuildFile; fileRef = 9E7CDC2A2771E4B200049E18 /* ViewController.swift */; };
		9E7CDC302771E4EA00049E18 /* Assets.xcassets in Resources */ = {isa = PBXBuildFile; fileRef = 9E7CDC2F2771E4EA00049E18 /* Assets.xcassets */; };
		9E7CDC332771E4EB00049E18 /* LaunchScreen.storyboard in Resources */ = {isa = PBXBuildFile; fileRef = 9E7CDC312771E4EB00049E18 /* LaunchScreen.storyboard */; };
		9EDBF4C42779A704004E1ABF /* AppDelegate.swift in Sources */ = {isa = PBXBuildFile; fileRef = 9EDBF4C32779A704004E1ABF /* AppDelegate.swift */; };
		9EDBF4C62779A704004E1ABF /* SceneDelegate.swift in Sources */ = {isa = PBXBuildFile; fileRef = 9EDBF4C52779A704004E1ABF /* SceneDelegate.swift */; };
		9EDBF4C82779A704004E1ABF /* ViewController.swift in Sources */ = {isa = PBXBuildFile; fileRef = 9EDBF4C72779A704004E1ABF /* ViewController.swift */; };
		9EDBF4CD2779A728004E1ABF /* Assets.xcassets in Resources */ = {isa = PBXBuildFile; fileRef = 9EDBF4CC2779A728004E1ABF /* Assets.xcassets */; };
		9EDBF4D02779A728004E1ABF /* LaunchScreen.storyboard in Resources */ = {isa = PBXBuildFile; fileRef = 9EDBF4CE2779A728004E1ABF /* LaunchScreen.storyboard */; };
		9EDBF4D62779CD61004E1ABF /* CollectionViewCell.swift in Sources */ = {isa = PBXBuildFile; fileRef = 9EDBF4D52779CD61004E1ABF /* CollectionViewCell.swift */; };
		9EDBF4D82779CE7C004E1ABF /* Images.swift in Sources */ = {isa = PBXBuildFile; fileRef = 9EDBF4D72779CE7C004E1ABF /* Images.swift */; };
		9EDBF4DA2779E4B3004E1ABF /* CollectionReusableView.swift in Sources */ = {isa = PBXBuildFile; fileRef = 9EDBF4D92779E4B3004E1ABF /* CollectionReusableView.swift */; };
		9EDEC291277B214600461343 /* AppDelegate.swift in Sources */ = {isa = PBXBuildFile; fileRef = 9EDEC290277B214600461343 /* AppDelegate.swift */; };
		9EDEC293277B214600461343 /* SceneDelegate.swift in Sources */ = {isa = PBXBuildFile; fileRef = 9EDEC292277B214600461343 /* SceneDelegate.swift */; };
		9EDEC295277B214600461343 /* ViewController.swift in Sources */ = {isa = PBXBuildFile; fileRef = 9EDEC294277B214600461343 /* ViewController.swift */; };
		9EDEC298277B214600461343 /* Main.storyboard in Resources */ = {isa = PBXBuildFile; fileRef = 9EDEC296277B214600461343 /* Main.storyboard */; };
		9EDEC29B277B214600461343 /* CoreDataWorkGround.xcdatamodeld in Sources */ = {isa = PBXBuildFile; fileRef = 9EDEC299277B214600461343 /* CoreDataWorkGround.xcdatamodeld */; };
		9EDEC29D277B214A00461343 /* Assets.xcassets in Resources */ = {isa = PBXBuildFile; fileRef = 9EDEC29C277B214A00461343 /* Assets.xcassets */; };
		9EDEC2A0277B214A00461343 /* LaunchScreen.storyboard in Resources */ = {isa = PBXBuildFile; fileRef = 9EDEC29E277B214A00461343 /* LaunchScreen.storyboard */; };
		9EDEC2AB277B214A00461343 /* CoreDataWorkGroundTests.swift in Sources */ = {isa = PBXBuildFile; fileRef = 9EDEC2AA277B214A00461343 /* CoreDataWorkGroundTests.swift */; };
		9EDEC2B5277B214A00461343 /* CoreDataWorkGroundUITests.swift in Sources */ = {isa = PBXBuildFile; fileRef = 9EDEC2B4277B214A00461343 /* CoreDataWorkGroundUITests.swift */; };
		9EDEC2B7277B214A00461343 /* CoreDataWorkGroundUITestsLaunchTests.swift in Sources */ = {isa = PBXBuildFile; fileRef = 9EDEC2B6277B214A00461343 /* CoreDataWorkGroundUITestsLaunchTests.swift */; };
/* End PBXBuildFile section */

/* Begin PBXContainerItemProxy section */
		9EDEC2A7277B214A00461343 /* PBXContainerItemProxy */ = {
			isa = PBXContainerItemProxy;
			containerPortal = 9E7CDC1B2771E4B100049E18 /* Project object */;
			proxyType = 1;
			remoteGlobalIDString = 9EDEC28D277B214600461343;
			remoteInfo = CoreDataWorkGround;
		};
		9EDEC2B1277B214A00461343 /* PBXContainerItemProxy */ = {
			isa = PBXContainerItemProxy;
			containerPortal = 9E7CDC1B2771E4B100049E18 /* Project object */;
			proxyType = 1;
			remoteGlobalIDString = 9EDEC28D277B214600461343;
			remoteInfo = CoreDataWorkGround;
		};
/* End PBXContainerItemProxy section */

/* Begin PBXFileReference section */
		33CC99861532A4F9C87E0589 /* Pods-WebView.debug.xcconfig */ = {isa = PBXFileReference; includeInIndex = 1; lastKnownFileType = text.xcconfig; name = "Pods-WebView.debug.xcconfig"; path = "Target Support Files/Pods-WebView/Pods-WebView.debug.xcconfig"; sourceTree = "<group>"; };
		798ABBAF3CDBE157A2C4B86E /* Pods_WebView.framework */ = {isa = PBXFileReference; explicitFileType = wrapper.framework; includeInIndex = 0; path = Pods_WebView.framework; sourceTree = BUILT_PRODUCTS_DIR; };
		9E44BC7527760305007942CA /* TableViewCell.swift */ = {isa = PBXFileReference; lastKnownFileType = sourcecode.swift; path = TableViewCell.swift; sourceTree = "<group>"; };
		9E44BC7727760324007942CA /* SecondViewController.swift */ = {isa = PBXFileReference; lastKnownFileType = sourcecode.swift; path = SecondViewController.swift; sourceTree = "<group>"; };
		9E7CDC232771E4B200049E18 /* WebView.app */ = {isa = PBXFileReference; explicitFileType = wrapper.application; includeInIndex = 0; path = WebView.app; sourceTree = BUILT_PRODUCTS_DIR; };
		9E7CDC262771E4B200049E18 /* AppDelegate.swift */ = {isa = PBXFileReference; lastKnownFileType = sourcecode.swift; path = AppDelegate.swift; sourceTree = "<group>"; };
		9E7CDC2A2771E4B200049E18 /* ViewController.swift */ = {isa = PBXFileReference; lastKnownFileType = sourcecode.swift; path = ViewController.swift; sourceTree = "<group>"; };
		9E7CDC2F2771E4EA00049E18 /* Assets.xcassets */ = {isa = PBXFileReference; lastKnownFileType = folder.assetcatalog; path = Assets.xcassets; sourceTree = "<group>"; };
		9E7CDC322771E4EB00049E18 /* Base */ = {isa = PBXFileReference; lastKnownFileType = file.storyboard; name = Base; path = Base.lproj/LaunchScreen.storyboard; sourceTree = "<group>"; };
		9E7CDC342771E4EB00049E18 /* Info.plist */ = {isa = PBXFileReference; lastKnownFileType = text.plist.xml; path = Info.plist; sourceTree = "<group>"; };
		9EDBF4BB2779994A004E1ABF /* Debug.xcconfig */ = {isa = PBXFileReference; lastKnownFileType = text.xcconfig; path = Debug.xcconfig; sourceTree = "<group>"; };
		9EDBF4BC27799963004E1ABF /* Release.xcconfig */ = {isa = PBXFileReference; lastKnownFileType = text.xcconfig; path = Release.xcconfig; sourceTree = "<group>"; };
		9EDBF4C12779A704004E1ABF /* WebView2.app */ = {isa = PBXFileReference; explicitFileType = wrapper.application; includeInIndex = 0; path = WebView2.app; sourceTree = BUILT_PRODUCTS_DIR; };
		9EDBF4C32779A704004E1ABF /* AppDelegate.swift */ = {isa = PBXFileReference; lastKnownFileType = sourcecode.swift; path = AppDelegate.swift; sourceTree = "<group>"; };
		9EDBF4C52779A704004E1ABF /* SceneDelegate.swift */ = {isa = PBXFileReference; lastKnownFileType = sourcecode.swift; path = SceneDelegate.swift; sourceTree = "<group>"; };
		9EDBF4C72779A704004E1ABF /* ViewController.swift */ = {isa = PBXFileReference; lastKnownFileType = sourcecode.swift; path = ViewController.swift; sourceTree = "<group>"; };
		9EDBF4CC2779A728004E1ABF /* Assets.xcassets */ = {isa = PBXFileReference; lastKnownFileType = folder.assetcatalog; path = Assets.xcassets; sourceTree = "<group>"; };
		9EDBF4CF2779A728004E1ABF /* Base */ = {isa = PBXFileReference; lastKnownFileType = file.storyboard; name = Base; path = Base.lproj/LaunchScreen.storyboard; sourceTree = "<group>"; };
		9EDBF4D12779A728004E1ABF /* Info.plist */ = {isa = PBXFileReference; lastKnownFileType = text.plist.xml; path = Info.plist; sourceTree = "<group>"; };
		9EDBF4D52779CD61004E1ABF /* CollectionViewCell.swift */ = {isa = PBXFileReference; lastKnownFileType = sourcecode.swift; path = CollectionViewCell.swift; sourceTree = "<group>"; };
		9EDBF4D72779CE7C004E1ABF /* Images.swift */ = {isa = PBXFileReference; lastKnownFileType = sourcecode.swift; path = Images.swift; sourceTree = "<group>"; };
		9EDBF4D92779E4B3004E1ABF /* CollectionReusableView.swift */ = {isa = PBXFileReference; lastKnownFileType = sourcecode.swift; path = CollectionReusableView.swift; sourceTree = "<group>"; };
		9EDEC28E277B214600461343 /* CoreDataWorkGround.app */ = {isa = PBXFileReference; explicitFileType = wrapper.application; includeInIndex = 0; path = CoreDataWorkGround.app; sourceTree = BUILT_PRODUCTS_DIR; };
		9EDEC290277B214600461343 /* AppDelegate.swift */ = {isa = PBXFileReference; lastKnownFileType = sourcecode.swift; path = AppDelegate.swift; sourceTree = "<group>"; };
		9EDEC292277B214600461343 /* SceneDelegate.swift */ = {isa = PBXFileReference; lastKnownFileType = sourcecode.swift; path = SceneDelegate.swift; sourceTree = "<group>"; };
		9EDEC294277B214600461343 /* ViewController.swift */ = {isa = PBXFileReference; lastKnownFileType = sourcecode.swift; path = ViewController.swift; sourceTree = "<group>"; };
		9EDEC297277B214600461343 /* Base */ = {isa = PBXFileReference; lastKnownFileType = file.storyboard; name = Base; path = Base.lproj/Main.storyboard; sourceTree = "<group>"; };
		9EDEC29A277B214600461343 /* CoreDataWorkGround.xcdatamodel */ = {isa = PBXFileReference; lastKnownFileType = wrapper.xcdatamodel; path = CoreDataWorkGround.xcdatamodel; sourceTree = "<group>"; };
		9EDEC29C277B214A00461343 /* Assets.xcassets */ = {isa = PBXFileReference; lastKnownFileType = folder.assetcatalog; path = Assets.xcassets; sourceTree = "<group>"; };
		9EDEC29F277B214A00461343 /* Base */ = {isa = PBXFileReference; lastKnownFileType = file.storyboard; name = Base; path = Base.lproj/LaunchScreen.storyboard; sourceTree = "<group>"; };
		9EDEC2A1277B214A00461343 /* Info.plist */ = {isa = PBXFileReference; lastKnownFileType = text.plist.xml; path = Info.plist; sourceTree = "<group>"; };
		9EDEC2A6277B214A00461343 /* CoreDataWorkGroundTests.xctest */ = {isa = PBXFileReference; explicitFileType = wrapper.cfbundle; includeInIndex = 0; path = CoreDataWorkGroundTests.xctest; sourceTree = BUILT_PRODUCTS_DIR; };
		9EDEC2AA277B214A00461343 /* CoreDataWorkGroundTests.swift */ = {isa = PBXFileReference; lastKnownFileType = sourcecode.swift; path = CoreDataWorkGroundTests.swift; sourceTree = "<group>"; };
		9EDEC2B0277B214A00461343 /* CoreDataWorkGroundUITests.xctest */ = {isa = PBXFileReference; explicitFileType = wrapper.cfbundle; includeInIndex = 0; path = CoreDataWorkGroundUITests.xctest; sourceTree = BUILT_PRODUCTS_DIR; };
		9EDEC2B4277B214A00461343 /* CoreDataWorkGroundUITests.swift */ = {isa = PBXFileReference; lastKnownFileType = sourcecode.swift; path = CoreDataWorkGroundUITests.swift; sourceTree = "<group>"; };
		9EDEC2B6277B214A00461343 /* CoreDataWorkGroundUITestsLaunchTests.swift */ = {isa = PBXFileReference; lastKnownFileType = sourcecode.swift; path = CoreDataWorkGroundUITestsLaunchTests.swift; sourceTree = "<group>"; };
		E434FCB4F3DFF3847FCDAD9B /* Pods-WebView.release.xcconfig */ = {isa = PBXFileReference; includeInIndex = 1; lastKnownFileType = text.xcconfig; name = "Pods-WebView.release.xcconfig"; path = "Target Support Files/Pods-WebView/Pods-WebView.release.xcconfig"; sourceTree = "<group>"; };
/* End PBXFileReference section */

/* Begin PBXFrameworksBuildPhase section */
		9E7CDC202771E4B200049E18 /* Frameworks */ = {
			isa = PBXFrameworksBuildPhase;
			buildActionMask = 2147483647;
			files = (
				0D2384A6F8C7CD3BC5C18C9D /* Pods_WebView.framework in Frameworks */,
			);
			runOnlyForDeploymentPostprocessing = 0;
		};
		9EDBF4BE2779A704004E1ABF /* Frameworks */ = {
			isa = PBXFrameworksBuildPhase;
			buildActionMask = 2147483647;
			files = (
			);
			runOnlyForDeploymentPostprocessing = 0;
		};
		9EDEC28B277B214600461343 /* Frameworks */ = {
			isa = PBXFrameworksBuildPhase;
			buildActionMask = 2147483647;
			files = (
			);
			runOnlyForDeploymentPostprocessing = 0;
		};
		9EDEC2A3277B214A00461343 /* Frameworks */ = {
			isa = PBXFrameworksBuildPhase;
			buildActionMask = 2147483647;
			files = (
			);
			runOnlyForDeploymentPostprocessing = 0;
		};
		9EDEC2AD277B214A00461343 /* Frameworks */ = {
			isa = PBXFrameworksBuildPhase;
			buildActionMask = 2147483647;
			files = (
			);
			runOnlyForDeploymentPostprocessing = 0;
		};
/* End PBXFrameworksBuildPhase section */

/* Begin PBXGroup section */
		3683DD8E6320DAB3205AED2A /* Pods */ = {
			isa = PBXGroup;
			children = (
				33CC99861532A4F9C87E0589 /* Pods-WebView.debug.xcconfig */,
				E434FCB4F3DFF3847FCDAD9B /* Pods-WebView.release.xcconfig */,
			);
			path = Pods;
			sourceTree = "<group>";
		};
		4F657F46E1DBB11BCEBC1D07 /* Frameworks */ = {
			isa = PBXGroup;
			children = (
				798ABBAF3CDBE157A2C4B86E /* Pods_WebView.framework */,
			);
			name = Frameworks;
			sourceTree = "<group>";
		};
		9E7CDC1A2771E4B100049E18 = {
			isa = PBXGroup;
			children = (
				9E7CDC252771E4B200049E18 /* WebView */,
				9EDBF4C22779A704004E1ABF /* WebView2 */,
				9EDEC28F277B214600461343 /* CoreDataWorkGround */,
				9EDEC2A9277B214A00461343 /* CoreDataWorkGroundTests */,
				9EDEC2B3277B214A00461343 /* CoreDataWorkGroundUITests */,
				9E7CDC242771E4B200049E18 /* Products */,
				3683DD8E6320DAB3205AED2A /* Pods */,
				4F657F46E1DBB11BCEBC1D07 /* Frameworks */,
			);
			sourceTree = "<group>";
		};
		9E7CDC242771E4B200049E18 /* Products */ = {
			isa = PBXGroup;
			children = (
				9E7CDC232771E4B200049E18 /* WebView.app */,
				9EDBF4C12779A704004E1ABF /* WebView2.app */,
				9EDEC28E277B214600461343 /* CoreDataWorkGround.app */,
				9EDEC2A6277B214A00461343 /* CoreDataWorkGroundTests.xctest */,
				9EDEC2B0277B214A00461343 /* CoreDataWorkGroundUITests.xctest */,
			);
			name = Products;
			sourceTree = "<group>";
		};
		9E7CDC252771E4B200049E18 /* WebView */ = {
			isa = PBXGroup;
			children = (
				9EDBF4BA277998EC004E1ABF /* Config */,
				9E7CDC262771E4B200049E18 /* AppDelegate.swift */,
				9E44BC7527760305007942CA /* TableViewCell.swift */,
				9E7CDC2A2771E4B200049E18 /* ViewController.swift */,
				9E7CDC2F2771E4EA00049E18 /* Assets.xcassets */,
				9E7CDC312771E4EB00049E18 /* LaunchScreen.storyboard */,
				9E7CDC342771E4EB00049E18 /* Info.plist */,
				9E44BC7727760324007942CA /* SecondViewController.swift */,
			);
			path = WebView;
			sourceTree = "<group>";
		};
		9EDBF4BA277998EC004E1ABF /* Config */ = {
			isa = PBXGroup;
			children = (
				9EDBF4BB2779994A004E1ABF /* Debug.xcconfig */,
				9EDBF4BC27799963004E1ABF /* Release.xcconfig */,
			);
			path = Config;
			sourceTree = "<group>";
		};
		9EDBF4C22779A704004E1ABF /* WebView2 */ = {
			isa = PBXGroup;
			children = (
				9EDBF4C32779A704004E1ABF /* AppDelegate.swift */,
				9EDBF4C52779A704004E1ABF /* SceneDelegate.swift */,
				9EDBF4C72779A704004E1ABF /* ViewController.swift */,
				9EDBF4CC2779A728004E1ABF /* Assets.xcassets */,
				9EDBF4CE2779A728004E1ABF /* LaunchScreen.storyboard */,
				9EDBF4D12779A728004E1ABF /* Info.plist */,
				9EDBF4D52779CD61004E1ABF /* CollectionViewCell.swift */,
				9EDBF4D72779CE7C004E1ABF /* Images.swift */,
				9EDBF4D92779E4B3004E1ABF /* CollectionReusableView.swift */,
			);
			path = WebView2;
			sourceTree = "<group>";
		};
		9EDEC28F277B214600461343 /* CoreDataWorkGround */ = {
			isa = PBXGroup;
			children = (
				9EDEC290277B214600461343 /* AppDelegate.swift */,
				9EDEC292277B214600461343 /* SceneDelegate.swift */,
				9EDEC294277B214600461343 /* ViewController.swift */,
				9EDEC296277B214600461343 /* Main.storyboard */,
				9EDEC29C277B214A00461343 /* Assets.xcassets */,
				9EDEC29E277B214A00461343 /* LaunchScreen.storyboard */,
				9EDEC2A1277B214A00461343 /* Info.plist */,
				9EDEC299277B214600461343 /* CoreDataWorkGround.xcdatamodeld */,
			);
			path = CoreDataWorkGround;
			sourceTree = "<group>";
		};
		9EDEC2A9277B214A00461343 /* CoreDataWorkGroundTests */ = {
			isa = PBXGroup;
			children = (
				9EDEC2AA277B214A00461343 /* CoreDataWorkGroundTests.swift */,
			);
			path = CoreDataWorkGroundTests;
			sourceTree = "<group>";
		};
		9EDEC2B3277B214A00461343 /* CoreDataWorkGroundUITests */ = {
			isa = PBXGroup;
			children = (
				9EDEC2B4277B214A00461343 /* CoreDataWorkGroundUITests.swift */,
				9EDEC2B6277B214A00461343 /* CoreDataWorkGroundUITestsLaunchTests.swift */,
			);
			path = CoreDataWorkGroundUITests;
			sourceTree = "<group>";
		};
/* End PBXGroup section */

/* Begin PBXNativeTarget section */
		9E7CDC222771E4B200049E18 /* WebView */ = {
			isa = PBXNativeTarget;
			buildConfigurationList = 9E7CDC372771E4EB00049E18 /* Build configuration list for PBXNativeTarget "WebView" */;
			buildPhases = (
				2D83C7E2073A1AA4C0547DDD /* [CP] Check Pods Manifest.lock */,
				9E7CDC1F2771E4B200049E18 /* Sources */,
				9E7CDC202771E4B200049E18 /* Frameworks */,
				9E7CDC212771E4B200049E18 /* Resources */,
				802CD720D8F8F53508738D6F /* [CP] Embed Pods Frameworks */,
			);
			buildRules = (
			);
			dependencies = (
			);
			name = WebView;
			productName = WebView;
			productReference = 9E7CDC232771E4B200049E18 /* WebView.app */;
			productType = "com.apple.product-type.application";
		};
		9EDBF4C02779A704004E1ABF /* WebView2 */ = {
			isa = PBXNativeTarget;
			buildConfigurationList = 9EDBF4D22779A728004E1ABF /* Build configuration list for PBXNativeTarget "WebView2" */;
			buildPhases = (
				9EDBF4BD2779A704004E1ABF /* Sources */,
				9EDBF4BE2779A704004E1ABF /* Frameworks */,
				9EDBF4BF2779A704004E1ABF /* Resources */,
			);
			buildRules = (
			);
			dependencies = (
			);
			name = WebView2;
			productName = WebView2;
			productReference = 9EDBF4C12779A704004E1ABF /* WebView2.app */;
			productType = "com.apple.product-type.application";
		};
		9EDEC28D277B214600461343 /* CoreDataWorkGround */ = {
			isa = PBXNativeTarget;
			buildConfigurationList = 9EDEC2B8277B214A00461343 /* Build configuration list for PBXNativeTarget "CoreDataWorkGround" */;
			buildPhases = (
				9EDEC28A277B214600461343 /* Sources */,
				9EDEC28B277B214600461343 /* Frameworks */,
				9EDEC28C277B214600461343 /* Resources */,
			);
			buildRules = (
			);
			dependencies = (
			);
			name = CoreDataWorkGround;
			productName = CoreDataWorkGround;
			productReference = 9EDEC28E277B214600461343 /* CoreDataWorkGround.app */;
			productType = "com.apple.product-type.application";
		};
		9EDEC2A5277B214A00461343 /* CoreDataWorkGroundTests */ = {
			isa = PBXNativeTarget;
			buildConfigurationList = 9EDEC2BB277B214A00461343 /* Build configuration list for PBXNativeTarget "CoreDataWorkGroundTests" */;
			buildPhases = (
				9EDEC2A2277B214A00461343 /* Sources */,
				9EDEC2A3277B214A00461343 /* Frameworks */,
				9EDEC2A4277B214A00461343 /* Resources */,
			);
			buildRules = (
			);
			dependencies = (
				9EDEC2A8277B214A00461343 /* PBXTargetDependency */,
			);
			name = CoreDataWorkGroundTests;
			productName = CoreDataWorkGroundTests;
			productReference = 9EDEC2A6277B214A00461343 /* CoreDataWorkGroundTests.xctest */;
			productType = "com.apple.product-type.bundle.unit-test";
		};
		9EDEC2AF277B214A00461343 /* CoreDataWorkGroundUITests */ = {
			isa = PBXNativeTarget;
			buildConfigurationList = 9EDEC2BE277B214A00461343 /* Build configuration list for PBXNativeTarget "CoreDataWorkGroundUITests" */;
			buildPhases = (
				9EDEC2AC277B214A00461343 /* Sources */,
				9EDEC2AD277B214A00461343 /* Frameworks */,
				9EDEC2AE277B214A00461343 /* Resources */,
			);
			buildRules = (
			);
			dependencies = (
				9EDEC2B2277B214A00461343 /* PBXTargetDependency */,
			);
			name = CoreDataWorkGroundUITests;
			productName = CoreDataWorkGroundUITests;
			productReference = 9EDEC2B0277B214A00461343 /* CoreDataWorkGroundUITests.xctest */;
			productType = "com.apple.product-type.bundle.ui-testing";
		};
/* End PBXNativeTarget section */

/* Begin PBXProject section */
		9E7CDC1B2771E4B100049E18 /* Project object */ = {
			isa = PBXProject;
			attributes = {
				BuildIndependentTargetsInParallel = 1;
				LastSwiftUpdateCheck = 1300;
				LastUpgradeCheck = 1300;
				TargetAttributes = {
					9E7CDC222771E4B200049E18 = {
						CreatedOnToolsVersion = 13.0;
					};
					9EDBF4C02779A704004E1ABF = {
						CreatedOnToolsVersion = 13.0;
					};
					9EDEC28D277B214600461343 = {
						CreatedOnToolsVersion = 13.0;
					};
					9EDEC2A5277B214A00461343 = {
						CreatedOnToolsVersion = 13.0;
						TestTargetID = 9EDEC28D277B214600461343;
					};
					9EDEC2AF277B214A00461343 = {
						CreatedOnToolsVersion = 13.0;
						TestTargetID = 9EDEC28D277B214600461343;
					};
				};
			};
			buildConfigurationList = 9E7CDC1E2771E4B100049E18 /* Build configuration list for PBXProject "WebView" */;
			compatibilityVersion = "Xcode 13.0";
			developmentRegion = en;
			hasScannedForEncodings = 0;
			knownRegions = (
				en,
				Base,
			);
			mainGroup = 9E7CDC1A2771E4B100049E18;
			productRefGroup = 9E7CDC242771E4B200049E18 /* Products */;
			projectDirPath = "";
			projectRoot = "";
			targets = (
				9E7CDC222771E4B200049E18 /* WebView */,
				9EDBF4C02779A704004E1ABF /* WebView2 */,
				9EDEC28D277B214600461343 /* CoreDataWorkGround */,
				9EDEC2A5277B214A00461343 /* CoreDataWorkGroundTests */,
				9EDEC2AF277B214A00461343 /* CoreDataWorkGroundUITests */,
			);
		};
/* End PBXProject section */

/* Begin PBXResourcesBuildPhase section */
		9E7CDC212771E4B200049E18 /* Resources */ = {
			isa = PBXResourcesBuildPhase;
			buildActionMask = 2147483647;
			files = (
				9E7CDC332771E4EB00049E18 /* LaunchScreen.storyboard in Resources */,
				9E7CDC302771E4EA00049E18 /* Assets.xcassets in Resources */,
			);
			runOnlyForDeploymentPostprocessing = 0;
		};
		9EDBF4BF2779A704004E1ABF /* Resources */ = {
			isa = PBXResourcesBuildPhase;
			buildActionMask = 2147483647;
			files = (
				9EDBF4D02779A728004E1ABF /* LaunchScreen.storyboard in Resources */,
				9EDBF4CD2779A728004E1ABF /* Assets.xcassets in Resources */,
			);
			runOnlyForDeploymentPostprocessing = 0;
		};
		9EDEC28C277B214600461343 /* Resources */ = {
			isa = PBXResourcesBuildPhase;
			buildActionMask = 2147483647;
			files = (
				9EDEC2A0277B214A00461343 /* LaunchScreen.storyboard in Resources */,
				9EDEC29D277B214A00461343 /* Assets.xcassets in Resources */,
				9EDEC298277B214600461343 /* Main.storyboard in Resources */,
			);
			runOnlyForDeploymentPostprocessing = 0;
		};
		9EDEC2A4277B214A00461343 /* Resources */ = {
			isa = PBXResourcesBuildPhase;
			buildActionMask = 2147483647;
			files = (
			);
			runOnlyForDeploymentPostprocessing = 0;
		};
		9EDEC2AE277B214A00461343 /* Resources */ = {
			isa = PBXResourcesBuildPhase;
			buildActionMask = 2147483647;
			files = (
			);
			runOnlyForDeploymentPostprocessing = 0;
		};
/* End PBXResourcesBuildPhase section */

/* Begin PBXShellScriptBuildPhase section */
		2D83C7E2073A1AA4C0547DDD /* [CP] Check Pods Manifest.lock */ = {
			isa = PBXShellScriptBuildPhase;
			buildActionMask = 2147483647;
			files = (
			);
			inputFileListPaths = (
			);
			inputPaths = (
				"${PODS_PODFILE_DIR_PATH}/Podfile.lock",
				"${PODS_ROOT}/Manifest.lock",
			);
			name = "[CP] Check Pods Manifest.lock";
			outputFileListPaths = (
			);
			outputPaths = (
				"$(DERIVED_FILE_DIR)/Pods-WebView-checkManifestLockResult.txt",
			);
			runOnlyForDeploymentPostprocessing = 0;
			shellPath = /bin/sh;
			shellScript = "diff \"${PODS_PODFILE_DIR_PATH}/Podfile.lock\" \"${PODS_ROOT}/Manifest.lock\" > /dev/null\nif [ $? != 0 ] ; then\n    # print error to STDERR\n    echo \"error: The sandbox is not in sync with the Podfile.lock. Run 'pod install' or update your CocoaPods installation.\" >&2\n    exit 1\nfi\n# This output is used by Xcode 'outputs' to avoid re-running this script phase.\necho \"SUCCESS\" > \"${SCRIPT_OUTPUT_FILE_0}\"\n";
			showEnvVarsInLog = 0;
		};
		802CD720D8F8F53508738D6F /* [CP] Embed Pods Frameworks */ = {
			isa = PBXShellScriptBuildPhase;
			buildActionMask = 2147483647;
			files = (
			);
			inputFileListPaths = (
				"${PODS_ROOT}/Target Support Files/Pods-WebView/Pods-WebView-frameworks-${CONFIGURATION}-input-files.xcfilelist",
			);
			name = "[CP] Embed Pods Frameworks";
			outputFileListPaths = (
				"${PODS_ROOT}/Target Support Files/Pods-WebView/Pods-WebView-frameworks-${CONFIGURATION}-output-files.xcfilelist",
			);
			runOnlyForDeploymentPostprocessing = 0;
			shellPath = /bin/sh;
			shellScript = "\"${PODS_ROOT}/Target Support Files/Pods-WebView/Pods-WebView-frameworks.sh\"\n";
			showEnvVarsInLog = 0;
		};
/* End PBXShellScriptBuildPhase section */

/* Begin PBXSourcesBuildPhase section */
		9E7CDC1F2771E4B200049E18 /* Sources */ = {
			isa = PBXSourcesBuildPhase;
			buildActionMask = 2147483647;
			files = (
				9E44BC7827760324007942CA /* SecondViewController.swift in Sources */,
				9E44BC7627760305007942CA /* TableViewCell.swift in Sources */,
				9E7CDC2B2771E4B200049E18 /* ViewController.swift in Sources */,
				9E7CDC272771E4B200049E18 /* AppDelegate.swift in Sources */,
			);
			runOnlyForDeploymentPostprocessing = 0;
		};
		9EDBF4BD2779A704004E1ABF /* Sources */ = {
			isa = PBXSourcesBuildPhase;
			buildActionMask = 2147483647;
			files = (
				9EDBF4C82779A704004E1ABF /* ViewController.swift in Sources */,
				9EDBF4C42779A704004E1ABF /* AppDelegate.swift in Sources */,
				9EDBF4D82779CE7C004E1ABF /* Images.swift in Sources */,
				9EDBF4DA2779E4B3004E1ABF /* CollectionReusableView.swift in Sources */,
				9EDBF4D62779CD61004E1ABF /* CollectionViewCell.swift in Sources */,
				9EDBF4C62779A704004E1ABF /* SceneDelegate.swift in Sources */,
			);
			runOnlyForDeploymentPostprocessing = 0;
		};
		9EDEC28A277B214600461343 /* Sources */ = {
			isa = PBXSourcesBuildPhase;
			buildActionMask = 2147483647;
			files = (
				9EDEC29B277B214600461343 /* CoreDataWorkGround.xcdatamodeld in Sources */,
				9EDEC295277B214600461343 /* ViewController.swift in Sources */,
				9EDEC291277B214600461343 /* AppDelegate.swift in Sources */,
				9EDEC293277B214600461343 /* SceneDelegate.swift in Sources */,
			);
			runOnlyForDeploymentPostprocessing = 0;
		};
		9EDEC2A2277B214A00461343 /* Sources */ = {
			isa = PBXSourcesBuildPhase;
			buildActionMask = 2147483647;
			files = (
				9EDEC2AB277B214A00461343 /* CoreDataWorkGroundTests.swift in Sources */,
			);
			runOnlyForDeploymentPostprocessing = 0;
		};
		9EDEC2AC277B214A00461343 /* Sources */ = {
			isa = PBXSourcesBuildPhase;
			buildActionMask = 2147483647;
			files = (
				9EDEC2B5277B214A00461343 /* CoreDataWorkGroundUITests.swift in Sources */,
				9EDEC2B7277B214A00461343 /* CoreDataWorkGroundUITestsLaunchTests.swift in Sources */,
			);
			runOnlyForDeploymentPostprocessing = 0;
		};
/* End PBXSourcesBuildPhase section */

/* Begin PBXTargetDependency section */
		9EDEC2A8277B214A00461343 /* PBXTargetDependency */ = {
			isa = PBXTargetDependency;
			target = 9EDEC28D277B214600461343 /* CoreDataWorkGround */;
			targetProxy = 9EDEC2A7277B214A00461343 /* PBXContainerItemProxy */;
		};
		9EDEC2B2277B214A00461343 /* PBXTargetDependency */ = {
			isa = PBXTargetDependency;
			target = 9EDEC28D277B214600461343 /* CoreDataWorkGround */;
			targetProxy = 9EDEC2B1277B214A00461343 /* PBXContainerItemProxy */;
		};
/* End PBXTargetDependency section */

/* Begin PBXVariantGroup section */
		9E7CDC312771E4EB00049E18 /* LaunchScreen.storyboard */ = {
			isa = PBXVariantGroup;
			children = (
				9E7CDC322771E4EB00049E18 /* Base */,
			);
			name = LaunchScreen.storyboard;
			sourceTree = "<group>";
		};
		9EDBF4CE2779A728004E1ABF /* LaunchScreen.storyboard */ = {
			isa = PBXVariantGroup;
			children = (
				9EDBF4CF2779A728004E1ABF /* Base */,
			);
			name = LaunchScreen.storyboard;
			sourceTree = "<group>";
		};
		9EDEC296277B214600461343 /* Main.storyboard */ = {
			isa = PBXVariantGroup;
			children = (
				9EDEC297277B214600461343 /* Base */,
			);
			name = Main.storyboard;
			sourceTree = "<group>";
		};
		9EDEC29E277B214A00461343 /* LaunchScreen.storyboard */ = {
			isa = PBXVariantGroup;
			children = (
				9EDEC29F277B214A00461343 /* Base */,
			);
			name = LaunchScreen.storyboard;
			sourceTree = "<group>";
		};
/* End PBXVariantGroup section */

/* Begin XCBuildConfiguration section */
		9E7CDC352771E4EB00049E18 /* Debug */ = {
			isa = XCBuildConfiguration;
			baseConfigurationReference = 9EDBF4BB2779994A004E1ABF /* Debug.xcconfig */;
			buildSettings = {
				ALWAYS_SEARCH_USER_PATHS = NO;
				CLANG_ANALYZER_NONNULL = YES;
				CLANG_ANALYZER_NUMBER_OBJECT_CONVERSION = YES_AGGRESSIVE;
				CLANG_CXX_LANGUAGE_STANDARD = "gnu++17";
				CLANG_CXX_LIBRARY = "libc++";
				CLANG_ENABLE_MODULES = YES;
				CLANG_ENABLE_OBJC_ARC = YES;
				CLANG_ENABLE_OBJC_WEAK = YES;
				CLANG_WARN_BLOCK_CAPTURE_AUTORELEASING = YES;
				CLANG_WARN_BOOL_CONVERSION = YES;
				CLANG_WARN_COMMA = YES;
				CLANG_WARN_CONSTANT_CONVERSION = YES;
				CLANG_WARN_DEPRECATED_OBJC_IMPLEMENTATIONS = YES;
				CLANG_WARN_DIRECT_OBJC_ISA_USAGE = YES_ERROR;
				CLANG_WARN_DOCUMENTATION_COMMENTS = YES;
				CLANG_WARN_EMPTY_BODY = YES;
				CLANG_WARN_ENUM_CONVERSION = YES;
				CLANG_WARN_INFINITE_RECURSION = YES;
				CLANG_WARN_INT_CONVERSION = YES;
				CLANG_WARN_NON_LITERAL_NULL_CONVERSION = YES;
				CLANG_WARN_OBJC_IMPLICIT_RETAIN_SELF = YES;
				CLANG_WARN_OBJC_LITERAL_CONVERSION = YES;
				CLANG_WARN_OBJC_ROOT_CLASS = YES_ERROR;
				CLANG_WARN_QUOTED_INCLUDE_IN_FRAMEWORK_HEADER = YES;
				CLANG_WARN_RANGE_LOOP_ANALYSIS = YES;
				CLANG_WARN_STRICT_PROTOTYPES = YES;
				CLANG_WARN_SUSPICIOUS_MOVE = YES;
				CLANG_WARN_UNGUARDED_AVAILABILITY = YES_AGGRESSIVE;
				CLANG_WARN_UNREACHABLE_CODE = YES;
				CLANG_WARN__DUPLICATE_METHOD_MATCH = YES;
				COPY_PHASE_STRIP = NO;
				DEBUG_INFORMATION_FORMAT = dwarf;
				ENABLE_STRICT_OBJC_MSGSEND = YES;
				ENABLE_TESTABILITY = YES;
				GCC_C_LANGUAGE_STANDARD = gnu11;
				GCC_DYNAMIC_NO_PIC = NO;
				GCC_NO_COMMON_BLOCKS = YES;
				GCC_OPTIMIZATION_LEVEL = 0;
				GCC_PREPROCESSOR_DEFINITIONS = (
					"DEBUG=1",
					"$(inherited)",
				);
				GCC_WARN_64_TO_32_BIT_CONVERSION = YES;
				GCC_WARN_ABOUT_RETURN_TYPE = YES_ERROR;
				GCC_WARN_UNDECLARED_SELECTOR = YES;
				GCC_WARN_UNINITIALIZED_AUTOS = YES_AGGRESSIVE;
				GCC_WARN_UNUSED_FUNCTION = YES;
				GCC_WARN_UNUSED_VARIABLE = YES;
				IPHONEOS_DEPLOYMENT_TARGET = 15.0;
				MTL_ENABLE_DEBUG_INFO = INCLUDE_SOURCE;
				MTL_FAST_MATH = YES;
				ONLY_ACTIVE_ARCH = YES;
				SDKROOT = iphoneos;
				SWIFT_ACTIVE_COMPILATION_CONDITIONS = DEBUG;
				SWIFT_OPTIMIZATION_LEVEL = "-Onone";
			};
			name = Debug;
		};
		9E7CDC362771E4EB00049E18 /* Release */ = {
			isa = XCBuildConfiguration;
			baseConfigurationReference = 9EDBF4BC27799963004E1ABF /* Release.xcconfig */;
			buildSettings = {
				ALWAYS_SEARCH_USER_PATHS = NO;
				CLANG_ANALYZER_NONNULL = YES;
				CLANG_ANALYZER_NUMBER_OBJECT_CONVERSION = YES_AGGRESSIVE;
				CLANG_CXX_LANGUAGE_STANDARD = "gnu++17";
				CLANG_CXX_LIBRARY = "libc++";
				CLANG_ENABLE_MODULES = YES;
				CLANG_ENABLE_OBJC_ARC = YES;
				CLANG_ENABLE_OBJC_WEAK = YES;
				CLANG_WARN_BLOCK_CAPTURE_AUTORELEASING = YES;
				CLANG_WARN_BOOL_CONVERSION = YES;
				CLANG_WARN_COMMA = YES;
				CLANG_WARN_CONSTANT_CONVERSION = YES;
				CLANG_WARN_DEPRECATED_OBJC_IMPLEMENTATIONS = YES;
				CLANG_WARN_DIRECT_OBJC_ISA_USAGE = YES_ERROR;
				CLANG_WARN_DOCUMENTATION_COMMENTS = YES;
				CLANG_WARN_EMPTY_BODY = YES;
				CLANG_WARN_ENUM_CONVERSION = YES;
				CLANG_WARN_INFINITE_RECURSION = YES;
				CLANG_WARN_INT_CONVERSION = YES;
				CLANG_WARN_NON_LITERAL_NULL_CONVERSION = YES;
				CLANG_WARN_OBJC_IMPLICIT_RETAIN_SELF = YES;
				CLANG_WARN_OBJC_LITERAL_CONVERSION = YES;
				CLANG_WARN_OBJC_ROOT_CLASS = YES_ERROR;
				CLANG_WARN_QUOTED_INCLUDE_IN_FRAMEWORK_HEADER = YES;
				CLANG_WARN_RANGE_LOOP_ANALYSIS = YES;
				CLANG_WARN_STRICT_PROTOTYPES = YES;
				CLANG_WARN_SUSPICIOUS_MOVE = YES;
				CLANG_WARN_UNGUARDED_AVAILABILITY = YES_AGGRESSIVE;
				CLANG_WARN_UNREACHABLE_CODE = YES;
				CLANG_WARN__DUPLICATE_METHOD_MATCH = YES;
				COPY_PHASE_STRIP = NO;
				DEBUG_INFORMATION_FORMAT = "dwarf-with-dsym";
				ENABLE_NS_ASSERTIONS = NO;
				ENABLE_STRICT_OBJC_MSGSEND = YES;
				GCC_C_LANGUAGE_STANDARD = gnu11;
				GCC_NO_COMMON_BLOCKS = YES;
				GCC_WARN_64_TO_32_BIT_CONVERSION = YES;
				GCC_WARN_ABOUT_RETURN_TYPE = YES_ERROR;
				GCC_WARN_UNDECLARED_SELECTOR = YES;
				GCC_WARN_UNINITIALIZED_AUTOS = YES_AGGRESSIVE;
				GCC_WARN_UNUSED_FUNCTION = YES;
				GCC_WARN_UNUSED_VARIABLE = YES;
				IPHONEOS_DEPLOYMENT_TARGET = 15.0;
				MTL_ENABLE_DEBUG_INFO = NO;
				MTL_FAST_MATH = YES;
				SDKROOT = iphoneos;
				SWIFT_COMPILATION_MODE = wholemodule;
				SWIFT_OPTIMIZATION_LEVEL = "-O";
				VALIDATE_PRODUCT = YES;
			};
			name = Release;
		};
		9E7CDC382771E4EB00049E18 /* Debug */ = {
			isa = XCBuildConfiguration;
			baseConfigurationReference = 33CC99861532A4F9C87E0589 /* Pods-WebView.debug.xcconfig */;
			buildSettings = {
				ASSETCATALOG_COMPILER_APPICON_NAME = AppIcon;
				ASSETCATALOG_COMPILER_GLOBAL_ACCENT_COLOR_NAME = AccentColor;
				CODE_SIGN_STYLE = Automatic;
				CURRENT_PROJECT_VERSION = 1;
				DEVELOPMENT_TEAM = PY5YL78ZM3;
				GENERATE_INFOPLIST_FILE = YES;
				INFOPLIST_FILE = WebView/Info.plist;
				INFOPLIST_KEY_CFBundleDisplayName = Coding;
				INFOPLIST_KEY_UIApplicationSupportsIndirectInputEvents = YES;
				INFOPLIST_KEY_UILaunchStoryboardName = LaunchScreen;
				INFOPLIST_KEY_UISupportedInterfaceOrientations_iPad = "UIInterfaceOrientationPortrait UIInterfaceOrientationPortraitUpsideDown UIInterfaceOrientationLandscapeLeft UIInterfaceOrientationLandscapeRight";
				INFOPLIST_KEY_UISupportedInterfaceOrientations_iPhone = "UIInterfaceOrientationPortrait UIInterfaceOrientationLandscapeLeft UIInterfaceOrientationLandscapeRight";
				LD_RUNPATH_SEARCH_PATHS = (
					"$(inherited)",
					"@executable_path/Frameworks",
				);
				MARKETING_VERSION = 1.0;
				OTHER_CODE_SIGN_FLAGS = "";
				OTHER_SWIFT_FLAGS = " -D DEBUG";
				PRODUCT_BUNDLE_IDENTIFIER = com.project.WebView.abi;
				PRODUCT_NAME = "$(TARGET_NAME)";
				SWIFT_EMIT_LOC_STRINGS = YES;
				SWIFT_VERSION = 5.0;
				TARGETED_DEVICE_FAMILY = "1,2";
			};
			name = Debug;
		};
		9E7CDC392771E4EB00049E18 /* Release */ = {
			isa = XCBuildConfiguration;
			baseConfigurationReference = E434FCB4F3DFF3847FCDAD9B /* Pods-WebView.release.xcconfig */;
			buildSettings = {
				ASSETCATALOG_COMPILER_APPICON_NAME = AppIcon;
				ASSETCATALOG_COMPILER_GLOBAL_ACCENT_COLOR_NAME = AccentColor;
				CODE_SIGN_STYLE = Automatic;
				CURRENT_PROJECT_VERSION = 1;
				DEVELOPMENT_TEAM = PY5YL78ZM3;
				GENERATE_INFOPLIST_FILE = YES;
				INFOPLIST_FILE = WebView/Info.plist;
				INFOPLIST_KEY_CFBundleDisplayName = Coding;
				INFOPLIST_KEY_UIApplicationSupportsIndirectInputEvents = YES;
				INFOPLIST_KEY_UILaunchStoryboardName = LaunchScreen;
				INFOPLIST_KEY_UISupportedInterfaceOrientations_iPad = "UIInterfaceOrientationPortrait UIInterfaceOrientationPortraitUpsideDown UIInterfaceOrientationLandscapeLeft UIInterfaceOrientationLandscapeRight";
				INFOPLIST_KEY_UISupportedInterfaceOrientations_iPhone = "UIInterfaceOrientationPortrait UIInterfaceOrientationLandscapeLeft UIInterfaceOrientationLandscapeRight";
				LD_RUNPATH_SEARCH_PATHS = (
					"$(inherited)",
					"@executable_path/Frameworks",
				);
				MARKETING_VERSION = 1.0;
				OTHER_SWIFT_FLAGS = " -D RELEASE";
				PRODUCT_BUNDLE_IDENTIFIER = com.project.WebView.abi;
				PRODUCT_NAME = "$(TARGET_NAME)";
				SWIFT_EMIT_LOC_STRINGS = YES;
				SWIFT_VERSION = 5.0;
				TARGETED_DEVICE_FAMILY = "1,2";
			};
			name = Release;
		};
		9EDBF4D32779A728004E1ABF /* Debug */ = {
			isa = XCBuildConfiguration;
			buildSettings = {
				ASSETCATALOG_COMPILER_APPICON_NAME = AppIcon;
				ASSETCATALOG_COMPILER_GLOBAL_ACCENT_COLOR_NAME = AccentColor;
				CODE_SIGN_STYLE = Automatic;
				CURRENT_PROJECT_VERSION = 1;
				DEVELOPMENT_TEAM = PY5YL78ZM3;
				GENERATE_INFOPLIST_FILE = YES;
				INFOPLIST_FILE = WebView2/Info.plist;
				INFOPLIST_KEY_UIApplicationSupportsIndirectInputEvents = YES;
				INFOPLIST_KEY_UILaunchStoryboardName = LaunchScreen;
				INFOPLIST_KEY_UISupportedInterfaceOrientations_iPad = "UIInterfaceOrientationPortrait UIInterfaceOrientationPortraitUpsideDown UIInterfaceOrientationLandscapeLeft UIInterfaceOrientationLandscapeRight";
				INFOPLIST_KEY_UISupportedInterfaceOrientations_iPhone = "UIInterfaceOrientationPortrait UIInterfaceOrientationLandscapeLeft UIInterfaceOrientationLandscapeRight";
				LD_RUNPATH_SEARCH_PATHS = (
					"$(inherited)",
					"@executable_path/Frameworks",
				);
				MARKETING_VERSION = 1.0;
				PRODUCT_BUNDLE_IDENTIFIER = Com.Project.WebView2;
				PRODUCT_NAME = "$(TARGET_NAME)";
				SWIFT_EMIT_LOC_STRINGS = YES;
				SWIFT_VERSION = 5.0;
				TARGETED_DEVICE_FAMILY = "1,2";
			};
			name = Debug;
		};
		9EDBF4D42779A728004E1ABF /* Release */ = {
			isa = XCBuildConfiguration;
			buildSettings = {
				ASSETCATALOG_COMPILER_APPICON_NAME = AppIcon;
				ASSETCATALOG_COMPILER_GLOBAL_ACCENT_COLOR_NAME = AccentColor;
				CODE_SIGN_STYLE = Automatic;
				CURRENT_PROJECT_VERSION = 1;
				DEVELOPMENT_TEAM = PY5YL78ZM3;
				GENERATE_INFOPLIST_FILE = YES;
				INFOPLIST_FILE = WebView2/Info.plist;
				INFOPLIST_KEY_UIApplicationSupportsIndirectInputEvents = YES;
				INFOPLIST_KEY_UILaunchStoryboardName = LaunchScreen;
				INFOPLIST_KEY_UISupportedInterfaceOrientations_iPad = "UIInterfaceOrientationPortrait UIInterfaceOrientationPortraitUpsideDown UIInterfaceOrientationLandscapeLeft UIInterfaceOrientationLandscapeRight";
				INFOPLIST_KEY_UISupportedInterfaceOrientations_iPhone = "UIInterfaceOrientationPortrait UIInterfaceOrientationLandscapeLeft UIInterfaceOrientationLandscapeRight";
				LD_RUNPATH_SEARCH_PATHS = (
					"$(inherited)",
					"@executable_path/Frameworks",
				);
				MARKETING_VERSION = 1.0;
				PRODUCT_BUNDLE_IDENTIFIER = Com.Project.WebView2;
				PRODUCT_NAME = "$(TARGET_NAME)";
				SWIFT_EMIT_LOC_STRINGS = YES;
				SWIFT_VERSION = 5.0;
				TARGETED_DEVICE_FAMILY = "1,2";
			};
			name = Release;
		};
		9EDEC2B9277B214A00461343 /* Debug */ = {
			isa = XCBuildConfiguration;
			buildSettings = {
				ASSETCATALOG_COMPILER_APPICON_NAME = AppIcon;
				ASSETCATALOG_COMPILER_GLOBAL_ACCENT_COLOR_NAME = AccentColor;
				CODE_SIGN_STYLE = Automatic;
				CURRENT_PROJECT_VERSION = 1;
				DEVELOPMENT_TEAM = PY5YL78ZM3;
				GENERATE_INFOPLIST_FILE = YES;
				INFOPLIST_FILE = CoreDataWorkGround/Info.plist;
				INFOPLIST_KEY_UIApplicationSupportsIndirectInputEvents = YES;
				INFOPLIST_KEY_UILaunchStoryboardName = LaunchScreen;
				INFOPLIST_KEY_UIMainStoryboardFile = Main;
				INFOPLIST_KEY_UISupportedInterfaceOrientations_iPad = "UIInterfaceOrientationPortrait UIInterfaceOrientationPortraitUpsideDown UIInterfaceOrientationLandscapeLeft UIInterfaceOrientationLandscapeRight";
				INFOPLIST_KEY_UISupportedInterfaceOrientations_iPhone = "UIInterfaceOrientationPortrait UIInterfaceOrientationLandscapeLeft UIInterfaceOrientationLandscapeRight";
				IPHONEOS_DEPLOYMENT_TARGET = 13.6;
				LD_RUNPATH_SEARCH_PATHS = (
					"$(inherited)",
					"@executable_path/Frameworks",
				);
				MARKETING_VERSION = 1.0;
				PRODUCT_BUNDLE_IDENTIFIER = Com.Project.CoreDataWorkGround;
				PRODUCT_NAME = "$(TARGET_NAME)";
				SWIFT_EMIT_LOC_STRINGS = YES;
				SWIFT_VERSION = 5.0;
				TARGETED_DEVICE_FAMILY = "1,2";
			};
			name = Debug;
		};
		9EDEC2BA277B214A00461343 /* Release */ = {
			isa = XCBuildConfiguration;
			buildSettings = {
				ASSETCATALOG_COMPILER_APPICON_NAME = AppIcon;
				ASSETCATALOG_COMPILER_GLOBAL_ACCENT_COLOR_NAME = AccentColor;
				CODE_SIGN_STYLE = Automatic;
				CURRENT_PROJECT_VERSION = 1;
				DEVELOPMENT_TEAM = PY5YL78ZM3;
				GENERATE_INFOPLIST_FILE = YES;
				INFOPLIST_FILE = CoreDataWorkGround/Info.plist;
				INFOPLIST_KEY_UIApplicationSupportsIndirectInputEvents = YES;
				INFOPLIST_KEY_UILaunchStoryboardName = LaunchScreen;
				INFOPLIST_KEY_UIMainStoryboardFile = Main;
				INFOPLIST_KEY_UISupportedInterfaceOrientations_iPad = "UIInterfaceOrientationPortrait UIInterfaceOrientationPortraitUpsideDown UIInterfaceOrientationLandscapeLeft UIInterfaceOrientationLandscapeRight";
				INFOPLIST_KEY_UISupportedInterfaceOrientations_iPhone = "UIInterfaceOrientationPortrait UIInterfaceOrientationLandscapeLeft UIInterfaceOrientationLandscapeRight";
				IPHONEOS_DEPLOYMENT_TARGET = 13.6;
				LD_RUNPATH_SEARCH_PATHS = (
					"$(inherited)",
					"@executable_path/Frameworks",
				);
				MARKETING_VERSION = 1.0;
				PRODUCT_BUNDLE_IDENTIFIER = Com.Project.CoreDataWorkGround;
				PRODUCT_NAME = "$(TARGET_NAME)";
				SWIFT_EMIT_LOC_STRINGS = YES;
				SWIFT_VERSION = 5.0;
				TARGETED_DEVICE_FAMILY = "1,2";
			};
			name = Release;
		};
		9EDEC2BC277B214A00461343 /* Debug */ = {
			isa = XCBuildConfiguration;
			buildSettings = {
				ALWAYS_EMBED_SWIFT_STANDARD_LIBRARIES = YES;
				BUNDLE_LOADER = "$(TEST_HOST)";
				CODE_SIGN_STYLE = Automatic;
				CURRENT_PROJECT_VERSION = 1;
				DEVELOPMENT_TEAM = PY5YL78ZM3;
				GENERATE_INFOPLIST_FILE = YES;
				IPHONEOS_DEPLOYMENT_TARGET = 15.0;
				LD_RUNPATH_SEARCH_PATHS = (
					"$(inherited)",
					"@executable_path/Frameworks",
					"@loader_path/Frameworks",
				);
				MARKETING_VERSION = 1.0;
				PRODUCT_BUNDLE_IDENTIFIER = Com.Project.CoreDataWorkGroundTests;
				PRODUCT_NAME = "$(TARGET_NAME)";
				SWIFT_EMIT_LOC_STRINGS = NO;
				SWIFT_VERSION = 5.0;
				TARGETED_DEVICE_FAMILY = "1,2";
				TEST_HOST = "$(BUILT_PRODUCTS_DIR)/CoreDataWorkGround.app/CoreDataWorkGround";
			};
			name = Debug;
		};
		9EDEC2BD277B214A00461343 /* Release */ = {
			isa = XCBuildConfiguration;
			buildSettings = {
				ALWAYS_EMBED_SWIFT_STANDARD_LIBRARIES = YES;
				BUNDLE_LOADER = "$(TEST_HOST)";
				CODE_SIGN_STYLE = Automatic;
				CURRENT_PROJECT_VERSION = 1;
				DEVELOPMENT_TEAM = PY5YL78ZM3;
				GENERATE_INFOPLIST_FILE = YES;
				IPHONEOS_DEPLOYMENT_TARGET = 15.0;
				LD_RUNPATH_SEARCH_PATHS = (
					"$(inherited)",
					"@executable_path/Frameworks",
					"@loader_path/Frameworks",
				);
				MARKETING_VERSION = 1.0;
				PRODUCT_BUNDLE_IDENTIFIER = Com.Project.CoreDataWorkGroundTests;
				PRODUCT_NAME = "$(TARGET_NAME)";
				SWIFT_EMIT_LOC_STRINGS = NO;
				SWIFT_VERSION = 5.0;
				TARGETED_DEVICE_FAMILY = "1,2";
				TEST_HOST = "$(BUILT_PRODUCTS_DIR)/CoreDataWorkGround.app/CoreDataWorkGround";
			};
			name = Release;
		};
		9EDEC2BF277B214A00461343 /* Debug */ = {
			isa = XCBuildConfiguration;
			buildSettings = {
				ALWAYS_EMBED_SWIFT_STANDARD_LIBRARIES = YES;
				CODE_SIGN_STYLE = Automatic;
				CURRENT_PROJECT_VERSION = 1;
				DEVELOPMENT_TEAM = PY5YL78ZM3;
				GENERATE_INFOPLIST_FILE = YES;
				LD_RUNPATH_SEARCH_PATHS = (
					"$(inherited)",
					"@executable_path/Frameworks",
					"@loader_path/Frameworks",
				);
				MARKETING_VERSION = 1.0;
				PRODUCT_BUNDLE_IDENTIFIER = Com.Project.CoreDataWorkGroundUITests;
				PRODUCT_NAME = "$(TARGET_NAME)";
				SWIFT_EMIT_LOC_STRINGS = NO;
				SWIFT_VERSION = 5.0;
				TARGETED_DEVICE_FAMILY = "1,2";
				TEST_TARGET_NAME = CoreDataWorkGround;
			};
			name = Debug;
		};
		9EDEC2C0277B214A00461343 /* Release */ = {
			isa = XCBuildConfiguration;
			buildSettings = {
				ALWAYS_EMBED_SWIFT_STANDARD_LIBRARIES = YES;
				CODE_SIGN_STYLE = Automatic;
				CURRENT_PROJECT_VERSION = 1;
				DEVELOPMENT_TEAM = PY5YL78ZM3;
				GENERATE_INFOPLIST_FILE = YES;
				LD_RUNPATH_SEARCH_PATHS = (
					"$(inherited)",
					"@executable_path/Frameworks",
					"@loader_path/Frameworks",
				);
				MARKETING_VERSION = 1.0;
				PRODUCT_BUNDLE_IDENTIFIER = Com.Project.CoreDataWorkGroundUITests;
				PRODUCT_NAME = "$(TARGET_NAME)";
				SWIFT_EMIT_LOC_STRINGS = NO;
				SWIFT_VERSION = 5.0;
				TARGETED_DEVICE_FAMILY = "1,2";
				TEST_TARGET_NAME = CoreDataWorkGround;
			};
			name = Release;
		};
/* End XCBuildConfiguration section */

/* Begin XCConfigurationList section */
		9E7CDC1E2771E4B100049E18 /* Build configuration list for PBXProject "WebView" */ = {
			isa = XCConfigurationList;
			buildConfigurations = (
				9E7CDC352771E4EB00049E18 /* Debug */,
				9E7CDC362771E4EB00049E18 /* Release */,
			);
			defaultConfigurationIsVisible = 0;
			defaultConfigurationName = Release;
		};
		9E7CDC372771E4EB00049E18 /* Build configuration list for PBXNativeTarget "WebView" */ = {
			isa = XCConfigurationList;
			buildConfigurations = (
				9E7CDC382771E4EB00049E18 /* Debug */,
				9E7CDC392771E4EB00049E18 /* Release */,
			);
			defaultConfigurationIsVisible = 0;
			defaultConfigurationName = Release;
		};
		9EDBF4D22779A728004E1ABF /* Build configuration list for PBXNativeTarget "WebView2" */ = {
			isa = XCConfigurationList;
			buildConfigurations = (
				9EDBF4D32779A728004E1ABF /* Debug */,
				9EDBF4D42779A728004E1ABF /* Release */,
			);
			defaultConfigurationIsVisible = 0;
			defaultConfigurationName = Release;
		};
		9EDEC2B8277B214A00461343 /* Build configuration list for PBXNativeTarget "CoreDataWorkGround" */ = {
			isa = XCConfigurationList;
			buildConfigurations = (
				9EDEC2B9277B214A00461343 /* Debug */,
				9EDEC2BA277B214A00461343 /* Release */,
			);
			defaultConfigurationIsVisible = 0;
			defaultConfigurationName = Release;
		};
		9EDEC2BB277B214A00461343 /* Build configuration list for PBXNativeTarget "CoreDataWorkGroundTests" */ = {
			isa = XCConfigurationList;
			buildConfigurations = (
				9EDEC2BC277B214A00461343 /* Debug */,
				9EDEC2BD277B214A00461343 /* Release */,
			);
			defaultConfigurationIsVisible = 0;
			defaultConfigurationName = Release;
		};
		9EDEC2BE277B214A00461343 /* Build configuration list for PBXNativeTarget "CoreDataWorkGroundUITests" */ = {
			isa = XCConfigurationList;
			buildConfigurations = (
				9EDEC2BF277B214A00461343 /* Debug */,
				9EDEC2C0277B214A00461343 /* Release */,
			);
			defaultConfigurationIsVisible = 0;
			defaultConfigurationName = Release;
		};
/* End XCConfigurationList section */

/* Begin XCVersionGroup section */
		9EDEC299277B214600461343 /* CoreDataWorkGround.xcdatamodeld */ = {
			isa = XCVersionGroup;
			children = (
				9EDEC29A277B214600461343 /* CoreDataWorkGround.xcdatamodel */,
			);
			currentVersion = 9EDEC29A277B214600461343 /* CoreDataWorkGround.xcdatamodel */;
			path = CoreDataWorkGround.xcdatamodeld;
			sourceTree = "<group>";
			versionGroupType = wrapper.xcdatamodel;
		};
/* End XCVersionGroup section */
	};
	rootObject = 9E7CDC1B2771E4B100049E18 /* Project object */;
}
